
Microsoft Visual Studio Solution File, Format Version 12.00
# Visual Studio Version 16
VisualStudioVersion = 16.0.30320.27
MinimumVisualStudioVersion = 10.0.40219.1
Project("{8BC9CEB8-8B4A-11D0-8D11-00A0C91BC942}") = "Ex2", "Lab1\Lab1.vcxproj", "{075A0119-A596-4C96-B0E7-2E3442525CD3}"
EndProject
Project("{8BC9CEB8-8B4A-11D0-8D11-00A0C91BC942}") = "Ex1", "Ex1\Ex1.vcxproj", "{27AD7349-2BFB-4AB2-A4E7-222B6D460C6C}"
EndProject
Project("{8BC9CEB8-8B4A-11D0-8D11-00A0C91BC942}") = "Ex3", "Ex3\Ex3.vcxproj", "{F602FA78-ADCD-42C0-A456-5D96CEB2E322}"
EndProject
Global
	GlobalSection(SolutionConfigurationPlatforms) = preSolution
		Debug|x64 = Debug|x64
		Debug|x86 = Debug|x86
		Release|x64 = Release|x64
		Release|x86 = Release|x86
	EndGlobalSection
	GlobalSection(ProjectConfigurationPlatforms) = postSolution
		{075A0119-A596-4C96-B0E7-2E3442525CD3}.Debug|x64.ActiveCfg = Debug|x64
		{075A0119-A596-4C96-B0E7-2E3442525CD3}.Debug|x64.Build.0 = Debug|x64
		{075A0119-A596-4C96-B0E7-2E3442525CD3}.Debug|x86.ActiveCfg = Debug|Win32
		{075A0119-A596-4C96-B0E7-2E3442525CD3}.Debug|x86.Build.0 = Debug|Win32
		{075A0119-A596-4C96-B0E7-2E3442525CD3}.Release|x64.ActiveCfg = Release|x64
		{075A0119-A596-4C96-B0E7-2E3442525CD3}.Release|x64.Build.0 = Release|x64
		{075A0119-A596-4C96-B0E7-2E3442525CD3}.Release|x86.ActiveCfg = Release|Win32
		{075A0119-A596-4C96-B0E7-2E3442525CD3}.Release|x86.Build.0 = Release|Win32
		{27AD7349-2BFB-4AB2-A4E7-222B6D460C6C}.Debug|x64.ActiveCfg = Debug|x64
		{27AD7349-2BFB-4AB2-A4E7-222B6D460C6C}.Debug|x64.Build.0 = Debug|x64
		{27AD7349-2BFB-4AB2-A4E7-222B6D460C6C}.Debug|x86.ActiveCfg = Debug|Win32
		{27AD7349-2BFB-4AB2-A4E7-222B6D460C6C}.Debug|x86.Build.0 = Debug|Win32
		{27AD7349-2BFB-4AB2-A4E7-222B6D460C6C}.Release|x64.ActiveCfg = Release|x64
		{27AD7349-2BFB-4AB2-A4E7-222B6D460C6C}.Release|x64.Build.0 = Release|x64
		{27AD7349-2BFB-4AB2-A4E7-222B6D460C6C}.Release|x86.ActiveCfg = Release|Win32
		{27AD7349-2BFB-4AB2-A4E7-222B6D460C6C}.Release|x86.Build.0 = Release|Win32
		{F602FA78-ADCD-42C0-A456-5D96CEB2E322}.Debug|x64.ActiveCfg = Debug|x64
		{F602FA78-ADCD-42C0-A456-5D96CEB2E322}.Debug|x64.Build.0 = Debug|x64
		{F602FA78-ADCD-42C0-A456-5D96CEB2E322}.Debug|x86.ActiveCfg = Debug|Win32
		{F602FA78-ADCD-42C0-A456-5D96CEB2E322}.Debug|x86.Build.0 = Debug|Win32
		{F602FA78-ADCD-42C0-A456-5D96CEB2E322}.Release|x64.ActiveCfg = Release|x64
		{F602FA78-ADCD-42C0-A456-5D96CEB2E322}.Release|x64.Build.0 = Release|x64
		{F602FA78-ADCD-42C0-A456-5D96CEB2E322}.Release|x86.ActiveCfg = Release|Win32
		{F602FA78-ADCD-42C0-A456-5D96CEB2E322}.Release|x86.Build.0 = Release|Win32
	EndGlobalSection
	GlobalSection(SolutionProperties) = preSolution
		HideSolutionNode = FALSE
	EndGlobalSection
	GlobalSection(ExtensibilityGlobals) = postSolution
		SolutionGuid = {546B8248-9FD4-4B10-9D86-EAB4DCCAFC09}
	EndGlobalSection
EndGlobal
